{
  "name": "to-do-app",
  "version": "1.0.0",
  "lockfileVersion": 3,
  "requires": true,
  "packages": {
    "": {
      "name": "to-do-app",
      "version": "1.0.0",
      "license": "ISC",
      "dependencies": {
        "create-element": "file:../../createElement"
      }
    },
    "../../createElement": {
      "version": "1.0.0",
      "license": "ISC"
    },
    "node_modules/create-element": {
      "resolved": "../../createElement",
      "link": true
    }
  }
}
